// !$*UTF8*$!
{
	archiveVersion = 1;
	classes = {
	};
	objectVersion = 46;
	objects = {

/* Begin PBXBuildFile section */
		84E0938A1CF8206900FD6684 /* TextFieldValidator.m in Sources */ = {isa = PBXBuildFile; fileRef = 84E093891CF8206900FD6684 /* TextFieldValidator.m */; };
		84E0938D1CF825DC00FD6684 /* ForgotPassword.m in Sources */ = {isa = PBXBuildFile; fileRef = 84E0938C1CF825DC00FD6684 /* ForgotPassword.m */; };
		84E0938F1CF82E9300FD6684 /* 50 Px pressed dashboard.png in Resources */ = {isa = PBXBuildFile; fileRef = 84E0938E1CF82E9300FD6684 /* 50 Px pressed dashboard.png */; };
		84E093911CF82EA200FD6684 /* pressed profile.png in Resources */ = {isa = PBXBuildFile; fileRef = 84E093901CF82EA200FD6684 /* pressed profile.png */; };
		84E093931CF830EF00FD6684 /* myCars.png in Resources */ = {isa = PBXBuildFile; fileRef = 84E093921CF830EF00FD6684 /* myCars.png */; };
		84E093951CF8326400FD6684 /* searchACar.png in Resources */ = {isa = PBXBuildFile; fileRef = 84E093941CF8326400FD6684 /* searchACar.png */; };
		84E093991CF8343B00FD6684 /* addACar1.png in Resources */ = {isa = PBXBuildFile; fileRef = 84E093981CF8343B00FD6684 /* addACar1.png */; };
		84FB81C41CE6BBBF00077629 /* main.m in Sources */ = {isa = PBXBuildFile; fileRef = 84FB81C31CE6BBBF00077629 /* main.m */; };
		84FB81C71CE6BBBF00077629 /* AppDelegate.m in Sources */ = {isa = PBXBuildFile; fileRef = 84FB81C61CE6BBBF00077629 /* AppDelegate.m */; };
		84FB81CA1CE6BBC000077629 /* ViewController.m in Sources */ = {isa = PBXBuildFile; fileRef = 84FB81C91CE6BBC000077629 /* ViewController.m */; };
		84FB81CF1CE6BBC000077629 /* Assets.xcassets in Resources */ = {isa = PBXBuildFile; fileRef = 84FB81CE1CE6BBC000077629 /* Assets.xcassets */; };
		84FB81D21CE6BBC000077629 /* LaunchScreen.storyboard in Resources */ = {isa = PBXBuildFile; fileRef = 84FB81D01CE6BBC000077629 /* LaunchScreen.storyboard */; };
		84FB81DD1CE6BBC300077629 /* RACTests.m in Sources */ = {isa = PBXBuildFile; fileRef = 84FB81DC1CE6BBC300077629 /* RACTests.m */; };
		84FB81E81CE6BBC400077629 /* RACUITests.m in Sources */ = {isa = PBXBuildFile; fileRef = 84FB81E71CE6BBC400077629 /* RACUITests.m */; };
		84FB81F61CE6BC3000077629 /* Main.storyboard in Resources */ = {isa = PBXBuildFile; fileRef = 84FB81F51CE6BC3000077629 /* Main.storyboard */; };
		84FB81FA1CE6BC6300077629 /* loginButton in Resources */ = {isa = PBXBuildFile; fileRef = 84FB81F81CE6BC6300077629 /* loginButton */; };
		84FB81FB1CE6BC6300077629 /* registerButton in Resources */ = {isa = PBXBuildFile; fileRef = 84FB81F91CE6BC6300077629 /* registerButton */; };
		84FB81FE1CE6C69400077629 /* Bolts.framework in Frameworks */ = {isa = PBXBuildFile; fileRef = 84FB81FD1CE6C69400077629 /* Bolts.framework */; };
		84FB82041CE6C6A700077629 /* Parse.framework in Frameworks */ = {isa = PBXBuildFile; fileRef = 84FB81FF1CE6C6A700077629 /* Parse.framework */; };
		84FB82051CE6C6A700077629 /* ParseFacebookUtils.framework in Frameworks */ = {isa = PBXBuildFile; fileRef = 84FB82001CE6C6A700077629 /* ParseFacebookUtils.framework */; };
		84FB82061CE6C6A700077629 /* ParseFacebookUtilsV4.framework in Frameworks */ = {isa = PBXBuildFile; fileRef = 84FB82011CE6C6A700077629 /* ParseFacebookUtilsV4.framework */; };
		84FB82071CE6C6A700077629 /* ParseTwitterUtils.framework in Frameworks */ = {isa = PBXBuildFile; fileRef = 84FB82021CE6C6A700077629 /* ParseTwitterUtils.framework */; };
		84FB82081CE6C6A700077629 /* ParseUI.framework in Frameworks */ = {isa = PBXBuildFile; fileRef = 84FB82031CE6C6A700077629 /* ParseUI.framework */; };
		84FB820A1CE6C78C00077629 /* AudioToolbox.framework in Frameworks */ = {isa = PBXBuildFile; fileRef = 84FB82091CE6C78C00077629 /* AudioToolbox.framework */; };
		84FB820C1CE6C79900077629 /* CFNetwork.framework in Frameworks */ = {isa = PBXBuildFile; fileRef = 84FB820B1CE6C79900077629 /* CFNetwork.framework */; };
		84FB820E1CE6C7A300077629 /* CoreGraphics.framework in Frameworks */ = {isa = PBXBuildFile; fileRef = 84FB820D1CE6C7A300077629 /* CoreGraphics.framework */; };
		84FB82101CE6C7B000077629 /* QuartzCore.framework in Frameworks */ = {isa = PBXBuildFile; fileRef = 84FB820F1CE6C7B000077629 /* QuartzCore.framework */; };
		84FB82121CE6C7B900077629 /* Security.framework in Frameworks */ = {isa = PBXBuildFile; fileRef = 84FB82111CE6C7B900077629 /* Security.framework */; };
		84FB82141CE6C7C100077629 /* StoreKit.framework in Frameworks */ = {isa = PBXBuildFile; fileRef = 84FB82131CE6C7C100077629 /* StoreKit.framework */; };
		84FB82161CE6C7CF00077629 /* SystemConfiguration.framework in Frameworks */ = {isa = PBXBuildFile; fileRef = 84FB82151CE6C7CF00077629 /* SystemConfiguration.framework */; };
		84FB82181CE6C7DC00077629 /* libz.tbd in Frameworks */ = {isa = PBXBuildFile; fileRef = 84FB82171CE6C7DC00077629 /* libz.tbd */; };
		84FB821A1CE6C7E800077629 /* libsqlite3.tbd in Frameworks */ = {isa = PBXBuildFile; fileRef = 84FB82191CE6C7E800077629 /* libsqlite3.tbd */; };
		84FB821E1CEEF5A400077629 /* PostAddCar.m in Sources */ = {isa = PBXBuildFile; fileRef = 84FB821D1CEEF5A400077629 /* PostAddCar.m */; };
		84FB82211CF02B3000077629 /* Login.m in Sources */ = {isa = PBXBuildFile; fileRef = 84FB82201CF02B3000077629 /* Login.m */; };
		84FB82241CF02B4200077629 /* Registration.m in Sources */ = {isa = PBXBuildFile; fileRef = 84FB82231CF02B4200077629 /* Registration.m */; };
		84FB82271CF02B7800077629 /* PostNewAddCar.m in Sources */ = {isa = PBXBuildFile; fileRef = 84FB82261CF02B7800077629 /* PostNewAddCar.m */; };
		84FB822A1CF02BAB00077629 /* MyCars.m in Sources */ = {isa = PBXBuildFile; fileRef = 84FB82291CF02BAB00077629 /* MyCars.m */; };
		84FB822D1CF02BD200077629 /* Account.m in Sources */ = {isa = PBXBuildFile; fileRef = 84FB822C1CF02BD200077629 /* Account.m */; };
		84FB82301CF0520100077629 /* AvaiableCars.m in Sources */ = {isa = PBXBuildFile; fileRef = 84FB822F1CF0520100077629 /* AvaiableCars.m */; };
		84FB82331CF06ADA00077629 /* CarDetailCell.m in Sources */ = {isa = PBXBuildFile; fileRef = 84FB82321CF06ADA00077629 /* CarDetailCell.m */; };
		84FB82361CF06D9600077629 /* CompleteDetails.m in Sources */ = {isa = PBXBuildFile; fileRef = 84FB82351CF06D9600077629 /* CompleteDetails.m */; };
		84FB82391CF3F6C700077629 /* MyCarCell.m in Sources */ = {isa = PBXBuildFile; fileRef = 84FB82381CF3F6C700077629 /* MyCarCell.m */; };
/* End PBXBuildFile section */

/* Begin PBXContainerItemProxy section */
		84FB81D91CE6BBC300077629 /* PBXContainerItemProxy */ = {
			isa = PBXContainerItemProxy;
			containerPortal = 84FB81B71CE6BBBF00077629 /* Project object */;
			proxyType = 1;
			remoteGlobalIDString = 84FB81BE1CE6BBBF00077629;
			remoteInfo = RAC;
		};
		84FB81E41CE6BBC300077629 /* PBXContainerItemProxy */ = {
			isa = PBXContainerItemProxy;
			containerPortal = 84FB81B71CE6BBBF00077629 /* Project object */;
			proxyType = 1;
			remoteGlobalIDString = 84FB81BE1CE6BBBF00077629;
			remoteInfo = RAC;
		};
/* End PBXContainerItemProxy section */

/* Begin PBXFileReference section */
		84E093881CF8206900FD6684 /* TextFieldValidator.h */ = {isa = PBXFileReference; fileEncoding = 4; lastKnownFileType = sourcecode.c.h; path = TextFieldValidator.h; sourceTree = "<group>"; };
		84E093891CF8206900FD6684 /* TextFieldValidator.m */ = {isa = PBXFileReference; fileEncoding = 4; lastKnownFileType = sourcecode.c.objc; path = TextFieldValidator.m; sourceTree = "<group>"; };
		84E0938B1CF825DC00FD6684 /* ForgotPassword.h */ = {isa = PBXFileReference; fileEncoding = 4; lastKnownFileType = sourcecode.c.h; path = ForgotPassword.h; sourceTree = "<group>"; };
		84E0938C1CF825DC00FD6684 /* ForgotPassword.m */ = {isa = PBXFileReference; fileEncoding = 4; lastKnownFileType = sourcecode.c.objc; path = ForgotPassword.m; sourceTree = "<group>"; };
		84E0938E1CF82E9300FD6684 /* 50 Px pressed dashboard.png */ = {isa = PBXFileReference; lastKnownFileType = image.png; path = "50 Px pressed dashboard.png"; sourceTree = "<group>"; };
		84E093901CF82EA200FD6684 /* pressed profile.png */ = {isa = PBXFileReference; lastKnownFileType = image.png; path = "pressed profile.png"; sourceTree = "<group>"; };
		84E093921CF830EF00FD6684 /* myCars.png */ = {isa = PBXFileReference; lastKnownFileType = image.png; path = myCars.png; sourceTree = "<group>"; };
		84E093941CF8326400FD6684 /* searchACar.png */ = {isa = PBXFileReference; lastKnownFileType = image.png; path = searchACar.png; sourceTree = "<group>"; };
		84E093981CF8343B00FD6684 /* addACar1.png */ = {isa = PBXFileReference; lastKnownFileType = image.png; path = addACar1.png; sourceTree = "<group>"; };
		84FB81BF1CE6BBBF00077629 /* RAC.app */ = {isa = PBXFileReference; explicitFileType = wrapper.application; includeInIndex = 0; path = RAC.app; sourceTree = BUILT_PRODUCTS_DIR; };
		84FB81C31CE6BBBF00077629 /* main.m */ = {isa = PBXFileReference; lastKnownFileType = sourcecode.c.objc; path = main.m; sourceTree = "<group>"; };
		84FB81C51CE6BBBF00077629 /* AppDelegate.h */ = {isa = PBXFileReference; lastKnownFileType = sourcecode.c.h; path = AppDelegate.h; sourceTree = "<group>"; };
		84FB81C61CE6BBBF00077629 /* AppDelegate.m */ = {isa = PBXFileReference; lastKnownFileType = sourcecode.c.objc; path = AppDelegate.m; sourceTree = "<group>"; };
		84FB81C81CE6BBC000077629 /* ViewController.h */ = {isa = PBXFileReference; lastKnownFileType = sourcecode.c.h; path = ViewController.h; sourceTree = "<group>"; };
		84FB81C91CE6BBC000077629 /* ViewController.m */ = {isa = PBXFileReference; lastKnownFileType = sourcecode.c.objc; path = ViewController.m; sourceTree = "<group>"; };
		84FB81CE1CE6BBC000077629 /* Assets.xcassets */ = {isa = PBXFileReference; lastKnownFileType = folder.assetcatalog; path = Assets.xcassets; sourceTree = "<group>"; };
		84FB81D11CE6BBC000077629 /* Base */ = {isa = PBXFileReference; lastKnownFileType = file.storyboard; name = Base; path = Base.lproj/LaunchScreen.storyboard; sourceTree = "<group>"; };
		84FB81D31CE6BBC000077629 /* Info.plist */ = {isa = PBXFileReference; lastKnownFileType = text.plist.xml; path = Info.plist; sourceTree = "<group>"; };
		84FB81D81CE6BBC300077629 /* RACTests.xctest */ = {isa = PBXFileReference; explicitFileType = wrapper.cfbundle; includeInIndex = 0; path = RACTests.xctest; sourceTree = BUILT_PRODUCTS_DIR; };
		84FB81DC1CE6BBC300077629 /* RACTests.m */ = {isa = PBXFileReference; lastKnownFileType = sourcecode.c.objc; path = RACTests.m; sourceTree = "<group>"; };
		84FB81DE1CE6BBC300077629 /* Info.plist */ = {isa = PBXFileReference; lastKnownFileType = text.plist.xml; path = Info.plist; sourceTree = "<group>"; };
		84FB81E31CE6BBC300077629 /* RACUITests.xctest */ = {isa = PBXFileReference; explicitFileType = wrapper.cfbundle; includeInIndex = 0; path = RACUITests.xctest; sourceTree = BUILT_PRODUCTS_DIR; };
		84FB81E71CE6BBC400077629 /* RACUITests.m */ = {isa = PBXFileReference; lastKnownFileType = sourcecode.c.objc; path = RACUITests.m; sourceTree = "<group>"; };
		84FB81E91CE6BBC400077629 /* Info.plist */ = {isa = PBXFileReference; lastKnownFileType = text.plist.xml; path = Info.plist; sourceTree = "<group>"; };
		84FB81F51CE6BC3000077629 /* Main.storyboard */ = {isa = PBXFileReference; fileEncoding = 4; lastKnownFileType = file.storyboard; path = Main.storyboard; sourceTree = "<group>"; };
		84FB81F81CE6BC6300077629 /* loginButton */ = {isa = PBXFileReference; lastKnownFileType = file; path = loginButton; sourceTree = "<group>"; };
		84FB81F91CE6BC6300077629 /* registerButton */ = {isa = PBXFileReference; lastKnownFileType = file; path = registerButton; sourceTree = "<group>"; };
		84FB81FD1CE6C69400077629 /* Bolts.framework */ = {isa = PBXFileReference; lastKnownFileType = wrapper.framework; path = Bolts.framework; sourceTree = "<group>"; };
		84FB81FF1CE6C6A700077629 /* Parse.framework */ = {isa = PBXFileReference; lastKnownFileType = wrapper.framework; path = Parse.framework; sourceTree = "<group>"; };
		84FB82001CE6C6A700077629 /* ParseFacebookUtils.framework */ = {isa = PBXFileReference; lastKnownFileType = wrapper.framework; path = ParseFacebookUtils.framework; sourceTree = "<group>"; };
		84FB82011CE6C6A700077629 /* ParseFacebookUtilsV4.framework */ = {isa = PBXFileReference; lastKnownFileType = wrapper.framework; path = ParseFacebookUtilsV4.framework; sourceTree = "<group>"; };
		84FB82021CE6C6A700077629 /* ParseTwitterUtils.framework */ = {isa = PBXFileReference; lastKnownFileType = wrapper.framework; path = ParseTwitterUtils.framework; sourceTree = "<group>"; };
		84FB82031CE6C6A700077629 /* ParseUI.framework */ = {isa = PBXFileReference; lastKnownFileType = wrapper.framework; path = ParseUI.framework; sourceTree = "<group>"; };
		84FB82091CE6C78C00077629 /* AudioToolbox.framework */ = {isa = PBXFileReference; lastKnownFileType = wrapper.framework; name = AudioToolbox.framework; path = System/Library/Frameworks/AudioToolbox.framework; sourceTree = SDKROOT; };
		84FB820B1CE6C79900077629 /* CFNetwork.framework */ = {isa = PBXFileReference; lastKnownFileType = wrapper.framework; name = CFNetwork.framework; path = System/Library/Frameworks/CFNetwork.framework; sourceTree = SDKROOT; };
		84FB820D1CE6C7A300077629 /* CoreGraphics.framework */ = {isa = PBXFileReference; lastKnownFileType = wrapper.framework; name = CoreGraphics.framework; path = System/Library/Frameworks/CoreGraphics.framework; sourceTree = SDKROOT; };
		84FB820F1CE6C7B000077629 /* QuartzCore.framework */ = {isa = PBXFileReference; lastKnownFileType = wrapper.framework; name = QuartzCore.framework; path = System/Library/Frameworks/QuartzCore.framework; sourceTree = SDKROOT; };
		84FB82111CE6C7B900077629 /* Security.framework */ = {isa = PBXFileReference; lastKnownFileType = wrapper.framework; name = Security.framework; path = System/Library/Frameworks/Security.framework; sourceTree = SDKROOT; };
		84FB82131CE6C7C100077629 /* StoreKit.framework */ = {isa = PBXFileReference; lastKnownFileType = wrapper.framework; name = StoreKit.framework; path = System/Library/Frameworks/StoreKit.framework; sourceTree = SDKROOT; };
		84FB82151CE6C7CF00077629 /* SystemConfiguration.framework */ = {isa = PBXFileReference; lastKnownFileType = wrapper.framework; name = SystemConfiguration.framework; path = System/Library/Frameworks/SystemConfiguration.framework; sourceTree = SDKROOT; };
		84FB82171CE6C7DC00077629 /* libz.tbd */ = {isa = PBXFileReference; lastKnownFileType = "sourcecode.text-based-dylib-definition"; name = libz.tbd; path = usr/lib/libz.tbd; sourceTree = SDKROOT; };
		84FB82191CE6C7E800077629 /* libsqlite3.tbd */ = {isa = PBXFileReference; lastKnownFileType = "sourcecode.text-based-dylib-definition"; name = libsqlite3.tbd; path = usr/lib/libsqlite3.tbd; sourceTree = SDKROOT; };
		84FB821C1CEEF5A400077629 /* PostAddCar.h */ = {isa = PBXFileReference; fileEncoding = 4; lastKnownFileType = sourcecode.c.h; path = PostAddCar.h; sourceTree = "<group>"; };
		84FB821D1CEEF5A400077629 /* PostAddCar.m */ = {isa = PBXFileReference; fileEncoding = 4; lastKnownFileType = sourcecode.c.objc; path = PostAddCar.m; sourceTree = "<group>"; };
		84FB821F1CF02B3000077629 /* Login.h */ = {isa = PBXFileReference; fileEncoding = 4; lastKnownFileType = sourcecode.c.h; path = Login.h; sourceTree = "<group>"; };
		84FB82201CF02B3000077629 /* Login.m */ = {isa = PBXFileReference; fileEncoding = 4; lastKnownFileType = sourcecode.c.objc; path = Login.m; sourceTree = "<group>"; };
		84FB82221CF02B4200077629 /* Registration.h */ = {isa = PBXFileReference; fileEncoding = 4; lastKnownFileType = sourcecode.c.h; path = Registration.h; sourceTree = "<group>"; };
		84FB82231CF02B4200077629 /* Registration.m */ = {isa = PBXFileReference; fileEncoding = 4; lastKnownFileType = sourcecode.c.objc; path = Registration.m; sourceTree = "<group>"; };
		84FB82251CF02B7800077629 /* PostNewAddCar.h */ = {isa = PBXFileReference; fileEncoding = 4; lastKnownFileType = sourcecode.c.h; path = PostNewAddCar.h; sourceTree = "<group>"; };
		84FB82261CF02B7800077629 /* PostNewAddCar.m */ = {isa = PBXFileReference; fileEncoding = 4; lastKnownFileType = sourcecode.c.objc; path = PostNewAddCar.m; sourceTree = "<group>"; };
		84FB82281CF02BAB00077629 /* MyCars.h */ = {isa = PBXFileReference; fileEncoding = 4; lastKnownFileType = sourcecode.c.h; path = MyCars.h; sourceTree = "<group>"; };
		84FB82291CF02BAB00077629 /* MyCars.m */ = {isa = PBXFileReference; fileEncoding = 4; lastKnownFileType = sourcecode.c.objc; path = MyCars.m; sourceTree = "<group>"; };
		84FB822B1CF02BD200077629 /* Account.h */ = {isa = PBXFileReference; fileEncoding = 4; lastKnownFileType = sourcecode.c.h; path = Account.h; sourceTree = "<group>"; };
		84FB822C1CF02BD200077629 /* Account.m */ = {isa = PBXFileReference; fileEncoding = 4; lastKnownFileType = sourcecode.c.objc; path = Account.m; sourceTree = "<group>"; };
		84FB822E1CF0520100077629 /* AvaiableCars.h */ = {isa = PBXFileReference; fileEncoding = 4; lastKnownFileType = sourcecode.c.h; path = AvaiableCars.h; sourceTree = "<group>"; };
		84FB822F1CF0520100077629 /* AvaiableCars.m */ = {isa = PBXFileReference; fileEncoding = 4; lastKnownFileType = sourcecode.c.objc; path = AvaiableCars.m; sourceTree = "<group>"; };
		84FB82311CF06ADA00077629 /* CarDetailCell.h */ = {isa = PBXFileReference; fileEncoding = 4; lastKnownFileType = sourcecode.c.h; path = CarDetailCell.h; sourceTree = "<group>"; };
		84FB82321CF06ADA00077629 /* CarDetailCell.m */ = {isa = PBXFileReference; fileEncoding = 4; lastKnownFileType = sourcecode.c.objc; path = CarDetailCell.m; sourceTree = "<group>"; };
		84FB82341CF06D9600077629 /* CompleteDetails.h */ = {isa = PBXFileReference; fileEncoding = 4; lastKnownFileType = sourcecode.c.h; path = CompleteDetails.h; sourceTree = "<group>"; };
		84FB82351CF06D9600077629 /* CompleteDetails.m */ = {isa = PBXFileReference; fileEncoding = 4; lastKnownFileType = sourcecode.c.objc; path = CompleteDetails.m; sourceTree = "<group>"; };
		84FB82371CF3F6C700077629 /* MyCarCell.h */ = {isa = PBXFileReference; fileEncoding = 4; lastKnownFileType = sourcecode.c.h; path = MyCarCell.h; sourceTree = "<group>"; };
		84FB82381CF3F6C700077629 /* MyCarCell.m */ = {isa = PBXFileReference; fileEncoding = 4; lastKnownFileType = sourcecode.c.objc; path = MyCarCell.m; sourceTree = "<group>"; };
/* End PBXFileReference section */

/* Begin PBXFrameworksBuildPhase section */
		84FB81BC1CE6BBBF00077629 /* Frameworks */ = {
			isa = PBXFrameworksBuildPhase;
			buildActionMask = 2147483647;
			files = (
				84FB821A1CE6C7E800077629 /* libsqlite3.tbd in Frameworks */,
				84FB82181CE6C7DC00077629 /* libz.tbd in Frameworks */,
				84FB82161CE6C7CF00077629 /* SystemConfiguration.framework in Frameworks */,
				84FB82141CE6C7C100077629 /* StoreKit.framework in Frameworks */,
				84FB82121CE6C7B900077629 /* Security.framework in Frameworks */,
				84FB82101CE6C7B000077629 /* QuartzCore.framework in Frameworks */,
				84FB820E1CE6C7A300077629 /* CoreGraphics.framework in Frameworks */,
				84FB820C1CE6C79900077629 /* CFNetwork.framework in Frameworks */,
				84FB820A1CE6C78C00077629 /* AudioToolbox.framework in Frameworks */,
				84FB82081CE6C6A700077629 /* ParseUI.framework in Frameworks */,
				84FB82041CE6C6A700077629 /* Parse.framework in Frameworks */,
				84FB81FE1CE6C69400077629 /* Bolts.framework in Frameworks */,
				84FB82061CE6C6A700077629 /* ParseFacebookUtilsV4.framework in Frameworks */,
				84FB82051CE6C6A700077629 /* ParseFacebookUtils.framework in Frameworks */,
				84FB82071CE6C6A700077629 /* ParseTwitterUtils.framework in Frameworks */,
			);
			runOnlyForDeploymentPostprocessing = 0;
		};
		84FB81D51CE6BBC300077629 /* Frameworks */ = {
			isa = PBXFrameworksBuildPhase;
			buildActionMask = 2147483647;
			files = (
			);
			runOnlyForDeploymentPostprocessing = 0;
		};
		84FB81E01CE6BBC300077629 /* Frameworks */ = {
			isa = PBXFrameworksBuildPhase;
			buildActionMask = 2147483647;
			files = (
			);
			runOnlyForDeploymentPostprocessing = 0;
		};
/* End PBXFrameworksBuildPhase section */

/* Begin PBXGroup section */
		84FB81B61CE6BBBF00077629 = {
			isa = PBXGroup;
			children = (
				84FB81C11CE6BBBF00077629 /* RAC */,
				84FB81DB1CE6BBC300077629 /* RACTests */,
				84FB81E61CE6BBC300077629 /* RACUITests */,
				84FB81C01CE6BBBF00077629 /* Products */,
			);
			sourceTree = "<group>";
		};
		84FB81C01CE6BBBF00077629 /* Products */ = {
			isa = PBXGroup;
			children = (
				84FB81BF1CE6BBBF00077629 /* RAC.app */,
				84FB81D81CE6BBC300077629 /* RACTests.xctest */,
				84FB81E31CE6BBC300077629 /* RACUITests.xctest */,
			);
			name = Products;
			sourceTree = "<group>";
		};
		84FB81C11CE6BBBF00077629 /* RAC */ = {
			isa = PBXGroup;
			children = (
				84FB821B1CEEF56000077629 /* mainOptions */,
				84FB81FC1CE6C65F00077629 /* Frameworks */,
				84FB81F71CE6BC4900077629 /* images */,
				84FB81F51CE6BC3000077629 /* Main.storyboard */,
				84FB81C51CE6BBBF00077629 /* AppDelegate.h */,
				84FB81C61CE6BBBF00077629 /* AppDelegate.m */,
				84FB81C81CE6BBC000077629 /* ViewController.h */,
				84FB81C91CE6BBC000077629 /* ViewController.m */,
				84FB81CE1CE6BBC000077629 /* Assets.xcassets */,
				84FB81D01CE6BBC000077629 /* LaunchScreen.storyboard */,
				84FB81D31CE6BBC000077629 /* Info.plist */,
				84FB81C21CE6BBBF00077629 /* Supporting Files */,
			);
			path = RAC;
			sourceTree = "<group>";
		};
		84FB81C21CE6BBBF00077629 /* Supporting Files */ = {
			isa = PBXGroup;
			children = (
				84E093881CF8206900FD6684 /* TextFieldValidator.h */,
				84E093891CF8206900FD6684 /* TextFieldValidator.m */,
				84FB81C31CE6BBBF00077629 /* main.m */,
			);
			name = "Supporting Files";
			sourceTree = "<group>";
		};
		84FB81DB1CE6BBC300077629 /* RACTests */ = {
			isa = PBXGroup;
			children = (
				84FB81DC1CE6BBC300077629 /* RACTests.m */,
				84FB81DE1CE6BBC300077629 /* Info.plist */,
			);
			path = RACTests;
			sourceTree = "<group>";
		};
		84FB81E61CE6BBC300077629 /* RACUITests */ = {
			isa = PBXGroup;
			children = (
				84FB81E71CE6BBC400077629 /* RACUITests.m */,
				84FB81E91CE6BBC400077629 /* Info.plist */,
			);
			path = RACUITests;
			sourceTree = "<group>";
		};
		84FB81F71CE6BC4900077629 /* images */ = {
			isa = PBXGroup;
			children = (
				84FB81F81CE6BC6300077629 /* loginButton */,
				84FB81F91CE6BC6300077629 /* registerButton */,
				84E093901CF82EA200FD6684 /* pressed profile.png */,
				84E0938E1CF82E9300FD6684 /* 50 Px pressed dashboard.png */,
				84E093941CF8326400FD6684 /* searchACar.png */,
				84E093921CF830EF00FD6684 /* myCars.png */,
				84E093981CF8343B00FD6684 /* addACar1.png */,
			);
			name = images;
			sourceTree = "<group>";
		};
		84FB81FC1CE6C65F00077629 /* Frameworks */ = {
			isa = PBXGroup;
			children = (
				84FB82191CE6C7E800077629 /* libsqlite3.tbd */,
				84FB82171CE6C7DC00077629 /* libz.tbd */,
				84FB82151CE6C7CF00077629 /* SystemConfiguration.framework */,
				84FB82131CE6C7C100077629 /* StoreKit.framework */,
				84FB82111CE6C7B900077629 /* Security.framework */,
				84FB820F1CE6C7B000077629 /* QuartzCore.framework */,
				84FB820D1CE6C7A300077629 /* CoreGraphics.framework */,
				84FB820B1CE6C79900077629 /* CFNetwork.framework */,
				84FB82091CE6C78C00077629 /* AudioToolbox.framework */,
				84FB81FF1CE6C6A700077629 /* Parse.framework */,
				84FB82001CE6C6A700077629 /* ParseFacebookUtils.framework */,
				84FB82011CE6C6A700077629 /* ParseFacebookUtilsV4.framework */,
				84FB82021CE6C6A700077629 /* ParseTwitterUtils.framework */,
				84FB82031CE6C6A700077629 /* ParseUI.framework */,
				84FB81FD1CE6C69400077629 /* Bolts.framework */,
			);
			name = Frameworks;
			sourceTree = "<group>";
		};
		84FB821B1CEEF56000077629 /* mainOptions */ = {
			isa = PBXGroup;
			children = (
				84FB821C1CEEF5A400077629 /* PostAddCar.h */,
				84FB821D1CEEF5A400077629 /* PostAddCar.m */,
				84FB821F1CF02B3000077629 /* Login.h */,
				84FB82201CF02B3000077629 /* Login.m */,
				84FB82221CF02B4200077629 /* Registration.h */,
				84FB82231CF02B4200077629 /* Registration.m */,
				84FB82251CF02B7800077629 /* PostNewAddCar.h */,
				84FB82261CF02B7800077629 /* PostNewAddCar.m */,
				84FB82281CF02BAB00077629 /* MyCars.h */,
				84FB82291CF02BAB00077629 /* MyCars.m */,
				84FB822B1CF02BD200077629 /* Account.h */,
				84FB822C1CF02BD200077629 /* Account.m */,
				84FB822E1CF0520100077629 /* AvaiableCars.h */,
				84FB822F1CF0520100077629 /* AvaiableCars.m */,
				84FB82311CF06ADA00077629 /* CarDetailCell.h */,
				84FB82321CF06ADA00077629 /* CarDetailCell.m */,
				84FB82341CF06D9600077629 /* CompleteDetails.h */,
				84FB82351CF06D9600077629 /* CompleteDetails.m */,
				84FB82371CF3F6C700077629 /* MyCarCell.h */,
				84FB82381CF3F6C700077629 /* MyCarCell.m */,
				84E0938B1CF825DC00FD6684 /* ForgotPassword.h */,
				84E0938C1CF825DC00FD6684 /* ForgotPassword.m */,
			);
			name = mainOptions;
			sourceTree = "<group>";
		};
/* End PBXGroup section */

/* Begin PBXNativeTarget section */
		84FB81BE1CE6BBBF00077629 /* RAC */ = {
			isa = PBXNativeTarget;
			buildConfigurationList = 84FB81EC1CE6BBC400077629 /* Build configuration list for PBXNativeTarget "RAC" */;
			buildPhases = (
				84FB81BB1CE6BBBF00077629 /* Sources */,
				84FB81BC1CE6BBBF00077629 /* Frameworks */,
				84FB81BD1CE6BBBF00077629 /* Resources */,
			);
			buildRules = (
			);
			dependencies = (
			);
			name = RAC;
			productName = RAC;
			productReference = 84FB81BF1CE6BBBF00077629 /* RAC.app */;
			productType = "com.apple.product-type.application";
		};
		84FB81D71CE6BBC300077629 /* RACTests */ = {
			isa = PBXNativeTarget;
			buildConfigurationList = 84FB81EF1CE6BBC400077629 /* Build configuration list for PBXNativeTarget "RACTests" */;
			buildPhases = (
				84FB81D41CE6BBC300077629 /* Sources */,
				84FB81D51CE6BBC300077629 /* Frameworks */,
				84FB81D61CE6BBC300077629 /* Resources */,
			);
			buildRules = (
			);
			dependencies = (
				84FB81DA1CE6BBC300077629 /* PBXTargetDependency */,
			);
			name = RACTests;
			productName = RACTests;
			productReference = 84FB81D81CE6BBC300077629 /* RACTests.xctest */;
			productType = "com.apple.product-type.bundle.unit-test";
		};
		84FB81E21CE6BBC300077629 /* RACUITests */ = {
			isa = PBXNativeTarget;
			buildConfigurationList = 84FB81F21CE6BBC400077629 /* Build configuration list for PBXNativeTarget "RACUITests" */;
			buildPhases = (
				84FB81DF1CE6BBC300077629 /* Sources */,
				84FB81E01CE6BBC300077629 /* Frameworks */,
				84FB81E11CE6BBC300077629 /* Resources */,
			);
			buildRules = (
			);
			dependencies = (
				84FB81E51CE6BBC300077629 /* PBXTargetDependency */,
			);
			name = RACUITests;
			productName = RACUITests;
			productReference = 84FB81E31CE6BBC300077629 /* RACUITests.xctest */;
			productType = "com.apple.product-type.bundle.ui-testing";
		};
/* End PBXNativeTarget section */

/* Begin PBXProject section */
		84FB81B71CE6BBBF00077629 /* Project object */ = {
			isa = PBXProject;
			attributes = {
				LastUpgradeCheck = 0730;
				ORGANIZATIONNAME = "Rent A Car";
				TargetAttributes = {
					84FB81BE1CE6BBBF00077629 = {
						CreatedOnToolsVersion = 7.3;
						DevelopmentTeam = RY77JNSEX3;
					};
					84FB81D71CE6BBC300077629 = {
						CreatedOnToolsVersion = 7.3;
						TestTargetID = 84FB81BE1CE6BBBF00077629;
					};
					84FB81E21CE6BBC300077629 = {
						CreatedOnToolsVersion = 7.3;
						TestTargetID = 84FB81BE1CE6BBBF00077629;
					};
				};
			};
			buildConfigurationList = 84FB81BA1CE6BBBF00077629 /* Build configuration list for PBXProject "RAC" */;
			compatibilityVersion = "Xcode 3.2";
			developmentRegion = English;
			hasScannedForEncodings = 0;
			knownRegions = (
				en,
				Base,
			);
			mainGroup = 84FB81B61CE6BBBF00077629;
			productRefGroup = 84FB81C01CE6BBBF00077629 /* Products */;
			projectDirPath = "";
			projectRoot = "";
			targets = (
				84FB81BE1CE6BBBF00077629 /* RAC */,
				84FB81D71CE6BBC300077629 /* RACTests */,
				84FB81E21CE6BBC300077629 /* RACUITests */,
			);
		};
/* End PBXProject section */

/* Begin PBXResourcesBuildPhase section */
		84FB81BD1CE6BBBF00077629 /* Resources */ = {
			isa = PBXResourcesBuildPhase;
			buildActionMask = 2147483647;
			files = (
				84FB81FA1CE6BC6300077629 /* loginButton in Resources */,
				84FB81F61CE6BC3000077629 /* Main.storyboard in Resources */,
				84E093991CF8343B00FD6684 /* addACar1.png in Resources */,
				84FB81D21CE6BBC000077629 /* LaunchScreen.storyboard in Resources */,
				84E093911CF82EA200FD6684 /* pressed profile.png in Resources */,
				84E093931CF830EF00FD6684 /* myCars.png in Resources */,
				84FB81CF1CE6BBC000077629 /* Assets.xcassets in Resources */,
				84FB81FB1CE6BC6300077629 /* registerButton in Resources */,
				84E093951CF8326400FD6684 /* searchACar.png in Resources */,
				84E0938F1CF82E9300FD6684 /* 50 Px pressed dashboard.png in Resources */,
			);
			runOnlyForDeploymentPostprocessing = 0;
		};
		84FB81D61CE6BBC300077629 /* Resources */ = {
			isa = PBXResourcesBuildPhase;
			buildActionMask = 2147483647;
			files = (
			);
			runOnlyForDeploymentPostprocessing = 0;
		};
		84FB81E11CE6BBC300077629 /* Resources */ = {
			isa = PBXResourcesBuildPhase;
			buildActionMask = 2147483647;
			files = (
			);
			runOnlyForDeploymentPostprocessing = 0;
		};
/* End PBXResourcesBuildPhase section */

/* Begin PBXSourcesBuildPhase section */
		84FB81BB1CE6BBBF00077629 /* Sources */ = {
			isa = PBXSourcesBuildPhase;
			buildActionMask = 2147483647;
			files = (
				84FB822D1CF02BD200077629 /* Account.m in Sources */,
				84FB82301CF0520100077629 /* AvaiableCars.m in Sources */,
				84E0938A1CF8206900FD6684 /* TextFieldValidator.m in Sources */,
				84FB82211CF02B3000077629 /* Login.m in Sources */,
				84FB821E1CEEF5A400077629 /* PostAddCar.m in Sources */,
				84FB822A1CF02BAB00077629 /* MyCars.m in Sources */,
				84FB82391CF3F6C700077629 /* MyCarCell.m in Sources */,
				84FB82331CF06ADA00077629 /* CarDetailCell.m in Sources */,
				84FB82241CF02B4200077629 /* Registration.m in Sources */,
				84FB82361CF06D9600077629 /* CompleteDetails.m in Sources */,
				84FB81CA1CE6BBC000077629 /* ViewController.m in Sources */,
				84E0938D1CF825DC00FD6684 /* ForgotPassword.m in Sources */,
				84FB81C71CE6BBBF00077629 /* AppDelegate.m in Sources */,
				84FB82271CF02B7800077629 /* PostNewAddCar.m in Sources */,
				84FB81C41CE6BBBF00077629 /* main.m in Sources */,
			);
			runOnlyForDeploymentPostprocessing = 0;
		};
		84FB81D41CE6BBC300077629 /* Sources */ = {
			isa = PBXSourcesBuildPhase;
			buildActionMask = 2147483647;
			files = (
				84FB81DD1CE6BBC300077629 /* RACTests.m in Sources */,
			);
			runOnlyForDeploymentPostprocessing = 0;
		};
		84FB81DF1CE6BBC300077629 /* Sources */ = {
			isa = PBXSourcesBuildPhase;
			buildActionMask = 2147483647;
			files = (
				84FB81E81CE6BBC400077629 /* RACUITests.m in Sources */,
			);
			runOnlyForDeploymentPostprocessing = 0;
		};
/* End PBXSourcesBuildPhase section */

/* Begin PBXTargetDependency section */
		84FB81DA1CE6BBC300077629 /* PBXTargetDependency */ = {
			isa = PBXTargetDependency;
			target = 84FB81BE1CE6BBBF00077629 /* RAC */;
			targetProxy = 84FB81D91CE6BBC300077629 /* PBXContainerItemProxy */;
		};
		84FB81E51CE6BBC300077629 /* PBXTargetDependency */ = {
			isa = PBXTargetDependency;
			target = 84FB81BE1CE6BBBF00077629 /* RAC */;
			targetProxy = 84FB81E41CE6BBC300077629 /* PBXContainerItemProxy */;
		};
/* End PBXTargetDependency section */

/* Begin PBXVariantGroup section */
		84FB81D01CE6BBC000077629 /* LaunchScreen.storyboard */ = {
			isa = PBXVariantGroup;
			children = (
				84FB81D11CE6BBC000077629 /* Base */,
			);
			name = LaunchScreen.storyboard;
			sourceTree = "<group>";
		};
/* End PBXVariantGroup section */

/* Begin XCBuildConfiguration section */
		84FB81EA1CE6BBC400077629 /* Debug */ = {
			isa = XCBuildConfiguration;
			buildSettings = {
				ALWAYS_SEARCH_USER_PATHS = NO;
				CLANG_ANALYZER_NONNULL = YES;
				CLANG_CXX_LANGUAGE_STANDARD = "gnu++0x";
				CLANG_CXX_LIBRARY = "libc++";
				CLANG_ENABLE_MODULES = YES;
				CLANG_ENABLE_OBJC_ARC = YES;
				CLANG_WARN_BOOL_CONVERSION = YES;
				CLANG_WARN_CONSTANT_CONVERSION = YES;
				CLANG_WARN_DIRECT_OBJC_ISA_USAGE = YES_ERROR;
				CLANG_WARN_EMPTY_BODY = YES;
				CLANG_WARN_ENUM_CONVERSION = YES;
				CLANG_WARN_INT_CONVERSION = YES;
				CLANG_WARN_OBJC_ROOT_CLASS = YES_ERROR;
				CLANG_WARN_UNREACHABLE_CODE = YES;
				CLANG_WARN__DUPLICATE_METHOD_MATCH = YES;
				"CODE_SIGN_IDENTITY[sdk=iphoneos*]" = "iPhone Developer";
				COPY_PHASE_STRIP = NO;
				DEBUG_INFORMATION_FORMAT = dwarf;
				ENABLE_STRICT_OBJC_MSGSEND = YES;
				ENABLE_TESTABILITY = YES;
				GCC_C_LANGUAGE_STANDARD = gnu99;
				GCC_DYNAMIC_NO_PIC = NO;
				GCC_NO_COMMON_BLOCKS = YES;
				GCC_OPTIMIZATION_LEVEL = 0;
				GCC_PREPROCESSOR_DEFINITIONS = (
					"DEBUG=1",
					"$(inherited)",
				);
				GCC_WARN_64_TO_32_BIT_CONVERSION = YES;
				GCC_WARN_ABOUT_RETURN_TYPE = YES_ERROR;
				GCC_WARN_UNDECLARED_SELECTOR = YES;
				GCC_WARN_UNINITIALIZED_AUTOS = YES_AGGRESSIVE;
				GCC_WARN_UNUSED_FUNCTION = YES;
				GCC_WARN_UNUSED_VARIABLE = YES;
				IPHONEOS_DEPLOYMENT_TARGET = 9.3;
				MTL_ENABLE_DEBUG_INFO = YES;
				ONLY_ACTIVE_ARCH = YES;
				SDKROOT = iphoneos;
				TARGETED_DEVICE_FAMILY = "1,2";
			};
			name = Debug;
		};
		84FB81EB1CE6BBC400077629 /* Release */ = {
			isa = XCBuildConfiguration;
			buildSettings = {
				ALWAYS_SEARCH_USER_PATHS = NO;
				CLANG_ANALYZER_NONNULL = YES;
				CLANG_CXX_LANGUAGE_STANDARD = "gnu++0x";
				CLANG_CXX_LIBRARY = "libc++";
				CLANG_ENABLE_MODULES = YES;
				CLANG_ENABLE_OBJC_ARC = YES;
				CLANG_WARN_BOOL_CONVERSION = YES;
				CLANG_WARN_CONSTANT_CONVERSION = YES;
				CLANG_WARN_DIRECT_OBJC_ISA_USAGE = YES_ERROR;
				CLANG_WARN_EMPTY_BODY = YES;
				CLANG_WARN_ENUM_CONVERSION = YES;
				CLANG_WARN_INT_CONVERSION = YES;
				CLANG_WARN_OBJC_ROOT_CLASS = YES_ERROR;
				CLANG_WARN_UNREACHABLE_CODE = YES;
				CLANG_WARN__DUPLICATE_METHOD_MATCH = YES;
				"CODE_SIGN_IDENTITY[sdk=iphoneos*]" = "iPhone Developer";
				COPY_PHASE_STRIP = NO;
				DEBUG_INFORMATION_FORMAT = "dwarf-with-dsym";
				ENABLE_NS_ASSERTIONS = NO;
				ENABLE_STRICT_OBJC_MSGSEND = YES;
				GCC_C_LANGUAGE_STANDARD = gnu99;
				GCC_NO_COMMON_BLOCKS = YES;
				GCC_WARN_64_TO_32_BIT_CONVERSION = YES;
				GCC_WARN_ABOUT_RETURN_TYPE = YES_ERROR;
				GCC_WARN_UNDECLARED_SELECTOR = YES;
				GCC_WARN_UNINITIALIZED_AUTOS = YES_AGGRESSIVE;
				GCC_WARN_UNUSED_FUNCTION = YES;
				GCC_WARN_UNUSED_VARIABLE = YES;
				IPHONEOS_DEPLOYMENT_TARGET = 9.3;
				MTL_ENABLE_DEBUG_INFO = NO;
				SDKROOT = iphoneos;
				TARGETED_DEVICE_FAMILY = "1,2";
				VALIDATE_PRODUCT = YES;
			};
			name = Release;
		};
		84FB81ED1CE6BBC400077629 /* Debug */ = {
			isa = XCBuildConfiguration;
			buildSettings = {
				ASSETCATALOG_COMPILER_APPICON_NAME = AppIcon;
				CODE_SIGN_IDENTITY = "iPhone Developer";
				"CODE_SIGN_IDENTITY[sdk=iphoneos*]" = "iPhone Developer";
				FRAMEWORK_SEARCH_PATHS = (
					"$(inherited)",
					"$(PROJECT_DIR)/RAC",
				);
				INFOPLIST_FILE = RAC/Info.plist;
				LD_RUNPATH_SEARCH_PATHS = "$(inherited) @executable_path/Frameworks";
				PRODUCT_BUNDLE_IDENTIFIER = com.cqu.RAC;
				PRODUCT_NAME = "$(TARGET_NAME)";
				PROVISIONING_PROFILE = "";
			};
			name = Debug;
		};
		84FB81EE1CE6BBC400077629 /* Release */ = {
			isa = XCBuildConfiguration;
			buildSettings = {
				ASSETCATALOG_COMPILER_APPICON_NAME = AppIcon;
				CODE_SIGN_IDENTITY = "iPhone Developer";
				"CODE_SIGN_IDENTITY[sdk=iphoneos*]" = "iPhone Developer";
				FRAMEWORK_SEARCH_PATHS = (
					"$(inherited)",
					"$(PROJECT_DIR)/RAC",
				);
				INFOPLIST_FILE = RAC/Info.plist;
				LD_RUNPATH_SEARCH_PATHS = "$(inherited) @executable_path/Frameworks";
				PRODUCT_BUNDLE_IDENTIFIER = com.cqu.RAC;
				PRODUCT_NAME = "$(TARGET_NAME)";
				PROVISIONING_PROFILE = "";
			};
			name = Release;
		};
		84FB81F01CE6BBC400077629 /* Debug */ = {
			isa = XCBuildConfiguration;
			buildSettings = {
				BUNDLE_LOADER = "$(TEST_HOST)";
				INFOPLIST_FILE = RACTests/Info.plist;
				LD_RUNPATH_SEARCH_PATHS = "$(inherited) @executable_path/Frameworks @loader_path/Frameworks";
				PRODUCT_BUNDLE_IDENTIFIER = com.cqu.RACTests;
				PRODUCT_NAME = "$(TARGET_NAME)";
				TEST_HOST = "$(BUILT_PRODUCTS_DIR)/RAC.app/RAC";
			};
			name = Debug;
		};
		84FB81F11CE6BBC400077629 /* Release */ = {
			isa = XCBuildConfiguration;
			buildSettings = {
				BUNDLE_LOADER = "$(TEST_HOST)";
				INFOPLIST_FILE = RACTests/Info.plist;
				LD_RUNPATH_SEARCH_PATHS = "$(inherited) @executable_path/Frameworks @loader_path/Frameworks";
				PRODUCT_BUNDLE_IDENTIFIER = com.cqu.RACTests;
				PRODUCT_NAME = "$(TARGET_NAME)";
				TEST_HOST = "$(BUILT_PRODUCTS_DIR)/RAC.app/RAC";
			};
			name = Release;
		};
		84FB81F31CE6BBC400077629 /* Debug */ = {
			isa = XCBuildConfiguration;
			buildSettings = {
				INFOPLIST_FILE = RACUITests/Info.plist;
				LD_RUNPATH_SEARCH_PATHS = "$(inherited) @executable_path/Frameworks @loader_path/Frameworks";
				PRODUCT_BUNDLE_IDENTIFIER = com.cqu.RACUITests;
				PRODUCT_NAME = "$(TARGET_NAME)";
				TEST_TARGET_NAME = RAC;
			};
			name = Debug;
		};
		84FB81F41CE6BBC400077629 /* Release */ = {
			isa = XCBuildConfiguration;
			buildSettings = {
				INFOPLIST_FILE = RACUITests/Info.plist;
				LD_RUNPATH_SEARCH_PATHS = "$(inherited) @executable_path/Frameworks @loader_path/Frameworks";
				PRODUCT_BUNDLE_IDENTIFIER = com.cqu.RACUITests;
				PRODUCT_NAME = "$(TARGET_NAME)";
				TEST_TARGET_NAME = RAC;
			};
			name = Release;
		};
/* End XCBuildConfiguration section */

/* Begin XCConfigurationList section */
		84FB81BA1CE6BBBF00077629 /* Build configuration list for PBXProject "RAC" */ = {
			isa = XCConfigurationList;
			buildConfigurations = (
				84FB81EA1CE6BBC400077629 /* Debug */,
				84FB81EB1CE6BBC400077629 /* Release */,
			);
			defaultConfigurationIsVisible = 0;
			defaultConfigurationName = Release;
		};
		84FB81EC1CE6BBC400077629 /* Build configuration list for PBXNativeTarget "RAC" */ = {
			isa = XCConfigurationList;
			buildConfigurations = (
				84FB81ED1CE6BBC400077629 /* Debug */,
				84FB81EE1CE6BBC400077629 /* Release */,
			);
			defaultConfigurationIsVisible = 0;
			defaultConfigurationName = Release;
		};
		84FB81EF1CE6BBC400077629 /* Build configuration list for PBXNativeTarget "RACTests" */ = {
			isa = XCConfigurationList;
			buildConfigurations = (
				84FB81F01CE6BBC400077629 /* Debug */,
				84FB81F11CE6BBC400077629 /* Release */,
			);
			defaultConfigurationIsVisible = 0;
			defaultConfigurationName = Release;
		};
		84FB81F21CE6BBC400077629 /* Build configuration list for PBXNativeTarget "RACUITests" */ = {
			isa = XCConfigurationList;
			buildConfigurations = (
				84FB81F31CE6BBC400077629 /* Debug */,
				84FB81F41CE6BBC400077629 /* Release */,
			);
			defaultConfigurationIsVisible = 0;
			defaultConfigurationName = Release;
		};
/* End XCConfigurationList section */
	};
	rootObject = 84FB81B71CE6BBBF00077629 /* Project object */;
}
